
Microsoft Visual Studio Solution File, Format Version 12.00
# Visual Studio Version 17
VisualStudioVersion = 17.3.32811.315
MinimumVisualStudioVersion = 10.0.40219.1
Project("{9A19103F-16F7-4668-BE54-9A1E7A4F7556}") = "AlwaysActiveBooks", "AlwaysActiveBooks\AlwaysActiveBooks.csproj", "{D169243C-674C-4148-919C-2C3B82021B70}"
EndProject
Global
	GlobalSection(SolutionConfigurationPlatforms) = preSolution
		Debug|Any CPU = Debug|Any CPU
		Release|Any CPU = Release|Any CPU
	EndGlobalSection
	GlobalSection(ProjectConfigurationPlatforms) = postSolution
		{D169243C-674C-4148-919C-2C3B82021B70}.Debug|Any CPU.ActiveCfg = Debug|Any CPU
		{D169243C-674C-4148-919C-2C3B82021B70}.Debug|Any CPU.Build.0 = Debug|Any CPU
		{D169243C-674C-4148-919C-2C3B82021B70}.Release|Any CPU.ActiveCfg = Release|Any CPU
		{D169243C-674C-4148-919C-2C3B82021B70}.Release|Any CPU.Build.0 = Release|Any CPU
	EndGlobalSection
	GlobalSection(SolutionProperties) = preSolution
		HideSolutionNode = FALSE
	EndGlobalSection
	GlobalSection(ExtensibilityGlobals) = postSolution
		SolutionGuid = {4D57A0AC-DC82-467A-9168-884218DA670F}
	EndGlobalSection
EndGlobal
