
Microsoft Visual Studio Solution File, Format Version 12.00
# Visual Studio Version 17
VisualStudioVersion = 17.3.32811.315
MinimumVisualStudioVersion = 10.0.40219.1
Project("{9A19103F-16F7-4668-BE54-9A1E7A4F7556}") = "CritterDisplay", "CritterDisplay\CritterDisplay.csproj", "{CFD39F45-860A-412C-9C3F-860CB742FB77}"
EndProject
Global
	GlobalSection(SolutionConfigurationPlatforms) = preSolution
		Debug|Any CPU = Debug|Any CPU
		Release|Any CPU = Release|Any CPU
	EndGlobalSection
	GlobalSection(ProjectConfigurationPlatforms) = postSolution
		{CFD39F45-860A-412C-9C3F-860CB742FB77}.Debug|Any CPU.ActiveCfg = Debug|Any CPU
		{CFD39F45-860A-412C-9C3F-860CB742FB77}.Debug|Any CPU.Build.0 = Debug|Any CPU
		{CFD39F45-860A-412C-9C3F-860CB742FB77}.Release|Any CPU.ActiveCfg = Release|Any CPU
		{CFD39F45-860A-412C-9C3F-860CB742FB77}.Release|Any CPU.Build.0 = Release|Any CPU
	EndGlobalSection
	GlobalSection(SolutionProperties) = preSolution
		HideSolutionNode = FALSE
	EndGlobalSection
	GlobalSection(ExtensibilityGlobals) = postSolution
		SolutionGuid = {275E2629-4296-4F3C-A674-3996A3C83B08}
	EndGlobalSection
EndGlobal
