
Microsoft Visual Studio Solution File, Format Version 12.00
# Visual Studio Version 17
VisualStudioVersion = 17.3.32811.315
MinimumVisualStudioVersion = 10.0.40219.1
Project("{9A19103F-16F7-4668-BE54-9A1E7A4F7556}") = "TestMod", "TestMod\TestMod.csproj", "{A065996D-1AFE-4D0E-AFD0-DD4BAFC48BEB}"
EndProject
Global
	GlobalSection(SolutionConfigurationPlatforms) = preSolution
		Debug|Any CPU = Debug|Any CPU
		Release|Any CPU = Release|Any CPU
	EndGlobalSection
	GlobalSection(ProjectConfigurationPlatforms) = postSolution
		{A065996D-1AFE-4D0E-AFD0-DD4BAFC48BEB}.Debug|Any CPU.ActiveCfg = Debug|Any CPU
		{A065996D-1AFE-4D0E-AFD0-DD4BAFC48BEB}.Debug|Any CPU.Build.0 = Debug|Any CPU
		{A065996D-1AFE-4D0E-AFD0-DD4BAFC48BEB}.Release|Any CPU.ActiveCfg = Release|Any CPU
		{A065996D-1AFE-4D0E-AFD0-DD4BAFC48BEB}.Release|Any CPU.Build.0 = Release|Any CPU
	EndGlobalSection
	GlobalSection(SolutionProperties) = preSolution
		HideSolutionNode = FALSE
	EndGlobalSection
	GlobalSection(ExtensibilityGlobals) = postSolution
		SolutionGuid = {D93FC6BC-0EE9-4180-92C7-330C07A8278E}
	EndGlobalSection
EndGlobal
